# THIS IS AN AUTOGENERATED FILE. DO NOT EDIT THIS FILE DIRECTLY.
# yarn lockfile v1


"@rails/request.js@^0.0.5":
  version "0.0.5"
  resolved "https://registry.yarnpkg.com/@rails/request.js/-/request.js-0.0.5.tgz#5ea896085f1c82bacca0e32aa918c8cd003a3d30"
  integrity sha512-EDw3d5oCSPFn/os7C41+61urT5J5n+bMXK2NTQVhJI8VCPAIVbvFGjZIQI0a9zJ9KuaWKHM6IjXTRakKemlzoA==
